
Microsoft Visual Studio Solution File, Format Version 12.00
# Visual Studio Version 17
VisualStudioVersion = 17.11.35327.3
MinimumVisualStudioVersion = 10.0.40219.1
Project("{2150E333-8FDC-42A3-9474-1A3956D46DE8}") = "Services", "Services", "{754CB003-F759-4963-9EEC-6048D9B5CE3D}"
EndProject
Project("{2150E333-8FDC-42A3-9474-1A3956D46DE8}") = "Catalog", "Catalog", "{B592087A-473B-494D-BCA8-8D3DB46151CB}"
EndProject
Project("{9A19103F-16F7-4668-BE54-9A1E7A4F7556}") = "BuyWave.Catalog", "Services\Catalog\BuyWave.Catalog\BuyWave.Catalog.csproj", "{462269D9-DAC1-45C3-80E4-086BB428A1E7}"
EndProject
Project("{2150E333-8FDC-42A3-9474-1A3956D46DE8}") = "Discount", "Discount", "{CCA72CFF-D2C8-4643-AD1A-F92E886E1E2C}"
EndProject
Project("{9A19103F-16F7-4668-BE54-9A1E7A4F7556}") = "BuyWave.Discount", "Services\Discount\BuyWave.Discount\BuyWave.Discount.csproj", "{57CFDD95-A5C9-401D-A6DD-D71300369B2F}"
EndProject
Project("{2150E333-8FDC-42A3-9474-1A3956D46DE8}") = "Order", "Order", "{99084914-8F92-4C5F-802F-EC0D7BB2F64A}"
EndProject
Project("{2150E333-8FDC-42A3-9474-1A3956D46DE8}") = "Core", "Core", "{E1F60F4F-B46D-4B06-9316-D7E903C9F36C}"
EndProject
Project("{2150E333-8FDC-42A3-9474-1A3956D46DE8}") = "Infrastructure", "Infrastructure", "{AA36B4B9-6378-4CF3-B470-C2879B016D14}"
EndProject
Project("{2150E333-8FDC-42A3-9474-1A3956D46DE8}") = "Presentation", "Presentation", "{7D6131A3-F41E-4FE5-8E19-5265AD02AECA}"
EndProject
Project("{9A19103F-16F7-4668-BE54-9A1E7A4F7556}") = "BuyWave.Order.Domain", "Services\Order\Core\BuyWave.Order.Domain\BuyWave.Order.Domain.csproj", "{593106EF-8B32-4F34-A96D-7ED0AA6D3521}"
EndProject
Project("{9A19103F-16F7-4668-BE54-9A1E7A4F7556}") = "BuyWave.Order.Application", "Services\Order\Core\BuyWave.Order.Application\BuyWave.Order.Application.csproj", "{09F006CF-70FE-4761-A8CD-41EC44A2BEC4}"
EndProject
Project("{9A19103F-16F7-4668-BE54-9A1E7A4F7556}") = "BuyWave.Order.Persistence", "Services\Order\Infrastructure\BuyWave.Order.Persistence\BuyWave.Order.Persistence.csproj", "{5BCF861F-64E8-486C-9A5F-F116A5F7096D}"
EndProject
Project("{9A19103F-16F7-4668-BE54-9A1E7A4F7556}") = "BuyWave.Order.WebApi", "Services\Order\Presentation\BuyWave.Order.WebApi\BuyWave.Order.WebApi.csproj", "{2AA7DD32-1B92-4EF3-949F-AF5CD2DC6750}"
EndProject
Project("{2150E333-8FDC-42A3-9474-1A3956D46DE8}") = "IdentityServer", "IdentityServer", "{0E2115F8-4604-4B84-B8BA-0ECE3A1ACED9}"
EndProject
Project("{9A19103F-16F7-4668-BE54-9A1E7A4F7556}") = "BuyWave.IdentityServer", "IdentityServer\BuyWave.IdentityServer\BuyWave.IdentityServer.csproj", "{1E0A6C8B-D50A-42B9-BF54-85A29DDB7BFA}"
EndProject
Global
	GlobalSection(SolutionConfigurationPlatforms) = preSolution
		Debug|Any CPU = Debug|Any CPU
		Release|Any CPU = Release|Any CPU
	EndGlobalSection
	GlobalSection(ProjectConfigurationPlatforms) = postSolution
		{462269D9-DAC1-45C3-80E4-086BB428A1E7}.Debug|Any CPU.ActiveCfg = Debug|Any CPU
		{462269D9-DAC1-45C3-80E4-086BB428A1E7}.Debug|Any CPU.Build.0 = Debug|Any CPU
		{462269D9-DAC1-45C3-80E4-086BB428A1E7}.Release|Any CPU.ActiveCfg = Release|Any CPU
		{462269D9-DAC1-45C3-80E4-086BB428A1E7}.Release|Any CPU.Build.0 = Release|Any CPU
		{57CFDD95-A5C9-401D-A6DD-D71300369B2F}.Debug|Any CPU.ActiveCfg = Debug|Any CPU
		{57CFDD95-A5C9-401D-A6DD-D71300369B2F}.Debug|Any CPU.Build.0 = Debug|Any CPU
		{57CFDD95-A5C9-401D-A6DD-D71300369B2F}.Release|Any CPU.ActiveCfg = Release|Any CPU
		{57CFDD95-A5C9-401D-A6DD-D71300369B2F}.Release|Any CPU.Build.0 = Release|Any CPU
		{593106EF-8B32-4F34-A96D-7ED0AA6D3521}.Debug|Any CPU.ActiveCfg = Debug|Any CPU
		{593106EF-8B32-4F34-A96D-7ED0AA6D3521}.Debug|Any CPU.Build.0 = Debug|Any CPU
		{593106EF-8B32-4F34-A96D-7ED0AA6D3521}.Release|Any CPU.ActiveCfg = Release|Any CPU
		{593106EF-8B32-4F34-A96D-7ED0AA6D3521}.Release|Any CPU.Build.0 = Release|Any CPU
		{09F006CF-70FE-4761-A8CD-41EC44A2BEC4}.Debug|Any CPU.ActiveCfg = Debug|Any CPU
		{09F006CF-70FE-4761-A8CD-41EC44A2BEC4}.Debug|Any CPU.Build.0 = Debug|Any CPU
		{09F006CF-70FE-4761-A8CD-41EC44A2BEC4}.Release|Any CPU.ActiveCfg = Release|Any CPU
		{09F006CF-70FE-4761-A8CD-41EC44A2BEC4}.Release|Any CPU.Build.0 = Release|Any CPU
		{5BCF861F-64E8-486C-9A5F-F116A5F7096D}.Debug|Any CPU.ActiveCfg = Debug|Any CPU
		{5BCF861F-64E8-486C-9A5F-F116A5F7096D}.Debug|Any CPU.Build.0 = Debug|Any CPU
		{5BCF861F-64E8-486C-9A5F-F116A5F7096D}.Release|Any CPU.ActiveCfg = Release|Any CPU
		{5BCF861F-64E8-486C-9A5F-F116A5F7096D}.Release|Any CPU.Build.0 = Release|Any CPU
		{2AA7DD32-1B92-4EF3-949F-AF5CD2DC6750}.Debug|Any CPU.ActiveCfg = Debug|Any CPU
		{2AA7DD32-1B92-4EF3-949F-AF5CD2DC6750}.Debug|Any CPU.Build.0 = Debug|Any CPU
		{2AA7DD32-1B92-4EF3-949F-AF5CD2DC6750}.Release|Any CPU.ActiveCfg = Release|Any CPU
		{2AA7DD32-1B92-4EF3-949F-AF5CD2DC6750}.Release|Any CPU.Build.0 = Release|Any CPU
		{1E0A6C8B-D50A-42B9-BF54-85A29DDB7BFA}.Debug|Any CPU.ActiveCfg = Debug|Any CPU
		{1E0A6C8B-D50A-42B9-BF54-85A29DDB7BFA}.Debug|Any CPU.Build.0 = Debug|Any CPU
		{1E0A6C8B-D50A-42B9-BF54-85A29DDB7BFA}.Release|Any CPU.ActiveCfg = Release|Any CPU
		{1E0A6C8B-D50A-42B9-BF54-85A29DDB7BFA}.Release|Any CPU.Build.0 = Release|Any CPU
	EndGlobalSection
	GlobalSection(SolutionProperties) = preSolution
		HideSolutionNode = FALSE
	EndGlobalSection
	GlobalSection(NestedProjects) = preSolution
		{B592087A-473B-494D-BCA8-8D3DB46151CB} = {754CB003-F759-4963-9EEC-6048D9B5CE3D}
		{462269D9-DAC1-45C3-80E4-086BB428A1E7} = {B592087A-473B-494D-BCA8-8D3DB46151CB}
		{CCA72CFF-D2C8-4643-AD1A-F92E886E1E2C} = {754CB003-F759-4963-9EEC-6048D9B5CE3D}
		{57CFDD95-A5C9-401D-A6DD-D71300369B2F} = {CCA72CFF-D2C8-4643-AD1A-F92E886E1E2C}
		{99084914-8F92-4C5F-802F-EC0D7BB2F64A} = {754CB003-F759-4963-9EEC-6048D9B5CE3D}
		{E1F60F4F-B46D-4B06-9316-D7E903C9F36C} = {99084914-8F92-4C5F-802F-EC0D7BB2F64A}
		{AA36B4B9-6378-4CF3-B470-C2879B016D14} = {99084914-8F92-4C5F-802F-EC0D7BB2F64A}
		{7D6131A3-F41E-4FE5-8E19-5265AD02AECA} = {99084914-8F92-4C5F-802F-EC0D7BB2F64A}
		{593106EF-8B32-4F34-A96D-7ED0AA6D3521} = {E1F60F4F-B46D-4B06-9316-D7E903C9F36C}
		{09F006CF-70FE-4761-A8CD-41EC44A2BEC4} = {E1F60F4F-B46D-4B06-9316-D7E903C9F36C}
		{5BCF861F-64E8-486C-9A5F-F116A5F7096D} = {AA36B4B9-6378-4CF3-B470-C2879B016D14}
		{2AA7DD32-1B92-4EF3-949F-AF5CD2DC6750} = {7D6131A3-F41E-4FE5-8E19-5265AD02AECA}
		{1E0A6C8B-D50A-42B9-BF54-85A29DDB7BFA} = {0E2115F8-4604-4B84-B8BA-0ECE3A1ACED9}
	EndGlobalSection
	GlobalSection(ExtensibilityGlobals) = postSolution
		SolutionGuid = {AAD0309B-C707-462C-9C35-9DD39CF91F17}
	EndGlobalSection
EndGlobal
