
Microsoft Visual Studio Solution File, Format Version 12.00
# Visual Studio Version 17
VisualStudioVersion = 17.11.35327.3
MinimumVisualStudioVersion = 10.0.40219.1
Project("{2150E333-8FDC-42A3-9474-1A3956D46DE8}") = "Services", "Services", "{754CB003-F759-4963-9EEC-6048D9B5CE3D}"
EndProject
Project("{2150E333-8FDC-42A3-9474-1A3956D46DE8}") = "Catalog", "Catalog", "{B592087A-473B-494D-BCA8-8D3DB46151CB}"
EndProject
Project("{FAE04EC0-301F-11D3-BF4B-00C04F79EFBC}") = "BuyWave.Catalog", "Services\Catalog\BuyWave.Catalog\BuyWave.Catalog.csproj", "{462269D9-DAC1-45C3-80E4-086BB428A1E7}"
EndProject
Global
	GlobalSection(SolutionConfigurationPlatforms) = preSolution
		Debug|Any CPU = Debug|Any CPU
		Release|Any CPU = Release|Any CPU
	EndGlobalSection
	GlobalSection(ProjectConfigurationPlatforms) = postSolution
		{462269D9-DAC1-45C3-80E4-086BB428A1E7}.Debug|Any CPU.ActiveCfg = Debug|Any CPU
		{462269D9-DAC1-45C3-80E4-086BB428A1E7}.Debug|Any CPU.Build.0 = Debug|Any CPU
		{462269D9-DAC1-45C3-80E4-086BB428A1E7}.Release|Any CPU.ActiveCfg = Release|Any CPU
		{462269D9-DAC1-45C3-80E4-086BB428A1E7}.Release|Any CPU.Build.0 = Release|Any CPU
	EndGlobalSection
	GlobalSection(SolutionProperties) = preSolution
		HideSolutionNode = FALSE
	EndGlobalSection
	GlobalSection(NestedProjects) = preSolution
		{B592087A-473B-494D-BCA8-8D3DB46151CB} = {754CB003-F759-4963-9EEC-6048D9B5CE3D}
		{462269D9-DAC1-45C3-80E4-086BB428A1E7} = {B592087A-473B-494D-BCA8-8D3DB46151CB}
	EndGlobalSection
	GlobalSection(ExtensibilityGlobals) = postSolution
		SolutionGuid = {AAD0309B-C707-462C-9C35-9DD39CF91F17}
	EndGlobalSection
EndGlobal
